github.com/dtapps/gostring v1.0.1 h1:J04kndQ08LOqb+H41s8PbMEgNtpheV9iTTl7DSPIZVk=
github.com/dtapps/gostring v1.0.1/go.mod h1:BYYnZHrmwpFXkLpd9rQyV5YcChovVreacfcjyMKEwoU=
github.com/dtapps/gotime v1.0.0 h1:VqmkEeKZOJMF7BePotcVvcCJgsIc9TB+OJlysxpDoBk=
github.com/dtapps/gotime v1.0.0/go.mod h1:lbp8pG/8aV3O+t7IuAjasL2WLBsZqLZG6Uw6KqSnox8=
